
Microsoft Visual Studio Solution File, Format Version 12.00
# Visual Studio 15
VisualStudioVersion = 15.0.26730.12
MinimumVisualStudioVersion = 10.0.40219.1
Project("{9A19103F-16F7-4668-BE54-9A1E7A4F7556}") = "Humidifier", "Humidifier\Humidifier.csproj", "{AFA3DDAD-4F9C-46ED-B058-3D40A237EC75}"
EndProject
Project("{9A19103F-16F7-4668-BE54-9A1E7A4F7556}") = "Humidifier.CodeGen", "Humidifier.CodeGen\Humidifier.CodeGen.csproj", "{D8EF802F-ADE5-4164-8A9F-E92A25C7C433}"
EndProject
Project("{9A19103F-16F7-4668-BE54-9A1E7A4F7556}") = "Humidifier.ConsoleTest", "Humidifier.ConsoleTest\Humidifier.ConsoleTest.csproj", "{6262AC22-3F5B-4A27-B47C-1FC29AD99ECD}"
EndProject
Project("{9A19103F-16F7-4668-BE54-9A1E7A4F7556}") = "Humidifier.Json", "Humidifier.Json\Humidifier.Json.csproj", "{174C333D-ED8B-46F4-9923-FADE60A16B3A}"
EndProject
Project("{2150E333-8FDC-42A3-9474-1A3956D46DE8}") = "src", "src", "{09E80980-4CE4-458C-BBD1-6E5BED65F15E}"
EndProject
Project("{2150E333-8FDC-42A3-9474-1A3956D46DE8}") = "tools", "tools", "{E1291986-6679-4F59-A21C-110CA8499D39}"
EndProject
Project("{9A19103F-16F7-4668-BE54-9A1E7A4F7556}") = "Humidifier.Tests", "Humidifier.Tests\Humidifier.Tests.csproj", "{77BFDEB6-505D-4255-89A6-09AA2F1D2BA5}"
EndProject
Project("{2150E333-8FDC-42A3-9474-1A3956D46DE8}") = "Solution Items", "Solution Items", "{C48B0A1F-80D3-48E4-BFE3-04D1914A6B84}"
	ProjectSection(SolutionItems) = preProject
		..\appveyor.yml = ..\appveyor.yml
		..\README.md = ..\README.md
	EndProjectSection
EndProject
Global
	GlobalSection(SolutionConfigurationPlatforms) = preSolution
		Debug|Any CPU = Debug|Any CPU
		Release|Any CPU = Release|Any CPU
	EndGlobalSection
	GlobalSection(ProjectConfigurationPlatforms) = postSolution
		{AFA3DDAD-4F9C-46ED-B058-3D40A237EC75}.Debug|Any CPU.ActiveCfg = Debug|Any CPU
		{AFA3DDAD-4F9C-46ED-B058-3D40A237EC75}.Debug|Any CPU.Build.0 = Debug|Any CPU
		{AFA3DDAD-4F9C-46ED-B058-3D40A237EC75}.Release|Any CPU.ActiveCfg = Release|Any CPU
		{AFA3DDAD-4F9C-46ED-B058-3D40A237EC75}.Release|Any CPU.Build.0 = Release|Any CPU
		{D8EF802F-ADE5-4164-8A9F-E92A25C7C433}.Debug|Any CPU.ActiveCfg = Debug|Any CPU
		{D8EF802F-ADE5-4164-8A9F-E92A25C7C433}.Debug|Any CPU.Build.0 = Debug|Any CPU
		{D8EF802F-ADE5-4164-8A9F-E92A25C7C433}.Release|Any CPU.ActiveCfg = Release|Any CPU
		{D8EF802F-ADE5-4164-8A9F-E92A25C7C433}.Release|Any CPU.Build.0 = Release|Any CPU
		{6262AC22-3F5B-4A27-B47C-1FC29AD99ECD}.Debug|Any CPU.ActiveCfg = Debug|Any CPU
		{6262AC22-3F5B-4A27-B47C-1FC29AD99ECD}.Debug|Any CPU.Build.0 = Debug|Any CPU
		{6262AC22-3F5B-4A27-B47C-1FC29AD99ECD}.Release|Any CPU.ActiveCfg = Release|Any CPU
		{6262AC22-3F5B-4A27-B47C-1FC29AD99ECD}.Release|Any CPU.Build.0 = Release|Any CPU
		{174C333D-ED8B-46F4-9923-FADE60A16B3A}.Debug|Any CPU.ActiveCfg = Debug|Any CPU
		{174C333D-ED8B-46F4-9923-FADE60A16B3A}.Debug|Any CPU.Build.0 = Debug|Any CPU
		{174C333D-ED8B-46F4-9923-FADE60A16B3A}.Release|Any CPU.ActiveCfg = Release|Any CPU
		{174C333D-ED8B-46F4-9923-FADE60A16B3A}.Release|Any CPU.Build.0 = Release|Any CPU
		{77BFDEB6-505D-4255-89A6-09AA2F1D2BA5}.Debug|Any CPU.ActiveCfg = Debug|Any CPU
		{77BFDEB6-505D-4255-89A6-09AA2F1D2BA5}.Debug|Any CPU.Build.0 = Debug|Any CPU
		{77BFDEB6-505D-4255-89A6-09AA2F1D2BA5}.Release|Any CPU.ActiveCfg = Release|Any CPU
		{77BFDEB6-505D-4255-89A6-09AA2F1D2BA5}.Release|Any CPU.Build.0 = Release|Any CPU
	EndGlobalSection
	GlobalSection(SolutionProperties) = preSolution
		HideSolutionNode = FALSE
	EndGlobalSection
	GlobalSection(NestedProjects) = preSolution
		{AFA3DDAD-4F9C-46ED-B058-3D40A237EC75} = {09E80980-4CE4-458C-BBD1-6E5BED65F15E}
		{D8EF802F-ADE5-4164-8A9F-E92A25C7C433} = {E1291986-6679-4F59-A21C-110CA8499D39}
		{6262AC22-3F5B-4A27-B47C-1FC29AD99ECD} = {E1291986-6679-4F59-A21C-110CA8499D39}
		{174C333D-ED8B-46F4-9923-FADE60A16B3A} = {09E80980-4CE4-458C-BBD1-6E5BED65F15E}
		{77BFDEB6-505D-4255-89A6-09AA2F1D2BA5} = {E1291986-6679-4F59-A21C-110CA8499D39}
	EndGlobalSection
	GlobalSection(ExtensibilityGlobals) = postSolution
		SolutionGuid = {5EB1B2E6-9EAF-4307-8BDC-0D730CB9E05E}
	EndGlobalSection
EndGlobal
